// !$*UTF8*$!
{
	archiveVersion = 1;
	classes = {
	};
	objectVersion = 55;
	objects = {

/* Begin PBXBuildFile section */
		FA360637284736A600AACFDD /* GridImageView.swift in Sources */ = {isa = PBXBuildFile; fileRef = FA360636284736A600AACFDD /* GridImageView.swift */; };
		FA384FAD284635380032BFF1 /* iOS_TestApp.swift in Sources */ = {isa = PBXBuildFile; fileRef = FA384FAC284635380032BFF1 /* iOS_TestApp.swift */; };
		FA384FAF284635380032BFF1 /* ContentView.swift in Sources */ = {isa = PBXBuildFile; fileRef = FA384FAE284635380032BFF1 /* ContentView.swift */; };
		FA384FB12846353B0032BFF1 /* Assets.xcassets in Resources */ = {isa = PBXBuildFile; fileRef = FA384FB02846353B0032BFF1 /* Assets.xcassets */; };
		FA384FB42846353B0032BFF1 /* Preview Assets.xcassets in Resources */ = {isa = PBXBuildFile; fileRef = FA384FB32846353B0032BFF1 /* Preview Assets.xcassets */; };
		FA384FBC284635DC0032BFF1 /* HomeView.swift in Sources */ = {isa = PBXBuildFile; fileRef = FA384FBB284635DC0032BFF1 /* HomeView.swift */; };
		FA384FBE284635F50032BFF1 /* CategoryView.swift in Sources */ = {isa = PBXBuildFile; fileRef = FA384FBD284635F50032BFF1 /* CategoryView.swift */; };
		FA384FC0284636010032BFF1 /* SettingsView.swift in Sources */ = {isa = PBXBuildFile; fileRef = FA384FBF284636010032BFF1 /* SettingsView.swift */; };
		FA384FC32846A3D80032BFF1 /* GlobalFrame.swift in Sources */ = {isa = PBXBuildFile; fileRef = FA384FC22846A3D80032BFF1 /* GlobalFrame.swift */; };
		FA384FC62846A5A40032BFF1 /* CarouselImage.swift in Sources */ = {isa = PBXBuildFile; fileRef = FA384FC52846A5A40032BFF1 /* CarouselImage.swift */; };
		FA384FC82846A6A50032BFF1 /* ImageCarousel.swift in Sources */ = {isa = PBXBuildFile; fileRef = FA384FC72846A6A40032BFF1 /* ImageCarousel.swift */; };
		FA8E1CD22855BD57005606C6 /* GoogleService-Info.plist in Resources */ = {isa = PBXBuildFile; fileRef = FA8E1CD12855BD57005606C6 /* GoogleService-Info.plist */; };
		FAC3E09E285370D60020D3EC /* ReadViewModel.swift in Sources */ = {isa = PBXBuildFile; fileRef = FAC3E09D285370D60020D3EC /* ReadViewModel.swift */; };
		FAC3E0A1285371390020D3EC /* FirebaseAnalytics in Frameworks */ = {isa = PBXBuildFile; productRef = FAC3E0A0285371390020D3EC /* FirebaseAnalytics */; };
		FAC3E0A3285371390020D3EC /* FirebaseDatabase in Frameworks */ = {isa = PBXBuildFile; productRef = FAC3E0A2285371390020D3EC /* FirebaseDatabase */; };
		FAC3E0A5285371390020D3EC /* FirebaseDatabaseSwift in Frameworks */ = {isa = PBXBuildFile; productRef = FAC3E0A4285371390020D3EC /* FirebaseDatabaseSwift */; };
		FAC3E0A7285372F30020D3EC /* ImageObject.swift in Sources */ = {isa = PBXBuildFile; fileRef = FAC3E0A6285372F30020D3EC /* ImageObject.swift */; };
		FAC3E0A9285375A50020D3EC /* TestView.swift in Sources */ = {isa = PBXBuildFile; fileRef = FAC3E0A8285375A50020D3EC /* TestView.swift */; };
/* End PBXBuildFile section */

/* Begin PBXFileReference section */
		FA360636284736A600AACFDD /* GridImageView.swift */ = {isa = PBXFileReference; lastKnownFileType = sourcecode.swift; path = GridImageView.swift; sourceTree = "<group>"; };
		FA384FA9284635380032BFF1 /* iOS Test.app */ = {isa = PBXFileReference; explicitFileType = wrapper.application; includeInIndex = 0; path = "iOS Test.app"; sourceTree = BUILT_PRODUCTS_DIR; };
		FA384FAC284635380032BFF1 /* iOS_TestApp.swift */ = {isa = PBXFileReference; lastKnownFileType = sourcecode.swift; path = iOS_TestApp.swift; sourceTree = "<group>"; };
		FA384FAE284635380032BFF1 /* ContentView.swift */ = {isa = PBXFileReference; lastKnownFileType = sourcecode.swift; path = ContentView.swift; sourceTree = "<group>"; };
		FA384FB02846353B0032BFF1 /* Assets.xcassets */ = {isa = PBXFileReference; lastKnownFileType = folder.assetcatalog; path = Assets.xcassets; sourceTree = "<group>"; };
		FA384FB32846353B0032BFF1 /* Preview Assets.xcassets */ = {isa = PBXFileReference; lastKnownFileType = folder.assetcatalog; path = "Preview Assets.xcassets"; sourceTree = "<group>"; };
		FA384FBB284635DC0032BFF1 /* HomeView.swift */ = {isa = PBXFileReference; lastKnownFileType = sourcecode.swift; path = HomeView.swift; sourceTree = "<group>"; };
		FA384FBD284635F50032BFF1 /* CategoryView.swift */ = {isa = PBXFileReference; lastKnownFileType = sourcecode.swift; path = CategoryView.swift; sourceTree = "<group>"; };
		FA384FBF284636010032BFF1 /* SettingsView.swift */ = {isa = PBXFileReference; lastKnownFileType = sourcecode.swift; path = SettingsView.swift; sourceTree = "<group>"; };
		FA384FC22846A3D80032BFF1 /* GlobalFrame.swift */ = {isa = PBXFileReference; lastKnownFileType = sourcecode.swift; path = GlobalFrame.swift; sourceTree = "<group>"; };
		FA384FC52846A5A40032BFF1 /* CarouselImage.swift */ = {isa = PBXFileReference; lastKnownFileType = sourcecode.swift; path = CarouselImage.swift; sourceTree = "<group>"; };
		FA384FC72846A6A40032BFF1 /* ImageCarousel.swift */ = {isa = PBXFileReference; lastKnownFileType = sourcecode.swift; path = ImageCarousel.swift; sourceTree = "<group>"; };
		FA8E1CD12855BD57005606C6 /* GoogleService-Info.plist */ = {isa = PBXFileReference; fileEncoding = 4; lastKnownFileType = text.plist.xml; path = "GoogleService-Info.plist"; sourceTree = "<group>"; };
		FAC3E09D285370D60020D3EC /* ReadViewModel.swift */ = {isa = PBXFileReference; lastKnownFileType = sourcecode.swift; path = ReadViewModel.swift; sourceTree = "<group>"; };
		FAC3E0A6285372F30020D3EC /* ImageObject.swift */ = {isa = PBXFileReference; lastKnownFileType = sourcecode.swift; path = ImageObject.swift; sourceTree = "<group>"; };
		FAC3E0A8285375A50020D3EC /* TestView.swift */ = {isa = PBXFileReference; lastKnownFileType = sourcecode.swift; path = TestView.swift; sourceTree = "<group>"; };
/* End PBXFileReference section */

/* Begin PBXFrameworksBuildPhase section */
		FA384FA6284635380032BFF1 /* Frameworks */ = {
			isa = PBXFrameworksBuildPhase;
			buildActionMask = 2147483647;
			files = (
				FAC3E0A5285371390020D3EC /* FirebaseDatabaseSwift in Frameworks */,
				FAC3E0A3285371390020D3EC /* FirebaseDatabase in Frameworks */,
				FAC3E0A1285371390020D3EC /* FirebaseAnalytics in Frameworks */,
			);
			runOnlyForDeploymentPostprocessing = 0;
		};
/* End PBXFrameworksBuildPhase section */

/* Begin PBXGroup section */
		FA384FA0284635380032BFF1 = {
			isa = PBXGroup;
			children = (
				FA384FAB284635380032BFF1 /* iOS Test */,
				FA384FAA284635380032BFF1 /* Products */,
			);
			sourceTree = "<group>";
		};
		FA384FAA284635380032BFF1 /* Products */ = {
			isa = PBXGroup;
			children = (
				FA384FA9284635380032BFF1 /* iOS Test.app */,
			);
			name = Products;
			sourceTree = "<group>";
		};
		FA384FAB284635380032BFF1 /* iOS Test */ = {
			isa = PBXGroup;
			children = (
				FAC3E09C285370BE0020D3EC /* ViewModel */,
				FA384FC42846A5850032BFF1 /* Model */,
				FA384FC12846A3BD0032BFF1 /* Extension */,
				FA384FBA284635C70032BFF1 /* View */,
				FA384FAC284635380032BFF1 /* iOS_TestApp.swift */,
				FA384FAE284635380032BFF1 /* ContentView.swift */,
				FA384FB02846353B0032BFF1 /* Assets.xcassets */,
				FA8E1CD12855BD57005606C6 /* GoogleService-Info.plist */,
				FA384FB22846353B0032BFF1 /* Preview Content */,
			);
			path = "iOS Test";
			sourceTree = "<group>";
		};
		FA384FB22846353B0032BFF1 /* Preview Content */ = {
			isa = PBXGroup;
			children = (
				FA384FB32846353B0032BFF1 /* Preview Assets.xcassets */,
			);
			path = "Preview Content";
			sourceTree = "<group>";
		};
		FA384FBA284635C70032BFF1 /* View */ = {
			isa = PBXGroup;
			children = (
				FA396E262846B49F00F68A0C /* SubView */,
				FA384FBB284635DC0032BFF1 /* HomeView.swift */,
				FA384FBD284635F50032BFF1 /* CategoryView.swift */,
				FA384FBF284636010032BFF1 /* SettingsView.swift */,
				FAC3E0A8285375A50020D3EC /* TestView.swift */,
			);
			path = View;
			sourceTree = "<group>";
		};
		FA384FC12846A3BD0032BFF1 /* Extension */ = {
			isa = PBXGroup;
			children = (
				FA384FC22846A3D80032BFF1 /* GlobalFrame.swift */,
			);
			path = Extension;
			sourceTree = "<group>";
		};
		FA384FC42846A5850032BFF1 /* Model */ = {
			isa = PBXGroup;
			children = (
				FA384FC52846A5A40032BFF1 /* CarouselImage.swift */,
				FAC3E0A6285372F30020D3EC /* ImageObject.swift */,
			);
			path = Model;
			sourceTree = "<group>";
		};
		FA396E262846B49F00F68A0C /* SubView */ = {
			isa = PBXGroup;
			children = (
				FA384FC72846A6A40032BFF1 /* ImageCarousel.swift */,
				FA360636284736A600AACFDD /* GridImageView.swift */,
			);
			path = SubView;
			sourceTree = "<group>";
		};
		FAC3E09C285370BE0020D3EC /* ViewModel */ = {
			isa = PBXGroup;
			children = (
				FAC3E09D285370D60020D3EC /* ReadViewModel.swift */,
			);
			path = ViewModel;
			sourceTree = "<group>";
		};
/* End PBXGroup section */

/* Begin PBXNativeTarget section */
		FA384FA8284635380032BFF1 /* iOS Test */ = {
			isa = PBXNativeTarget;
			buildConfigurationList = FA384FB72846353B0032BFF1 /* Build configuration list for PBXNativeTarget "iOS Test" */;
			buildPhases = (
				FA384FA5284635380032BFF1 /* Sources */,
				FA384FA6284635380032BFF1 /* Frameworks */,
				FA384FA7284635380032BFF1 /* Resources */,
			);
			buildRules = (
			);
			dependencies = (
			);
			name = "iOS Test";
			packageProductDependencies = (
				FAC3E0A0285371390020D3EC /* FirebaseAnalytics */,
				FAC3E0A2285371390020D3EC /* FirebaseDatabase */,
				FAC3E0A4285371390020D3EC /* FirebaseDatabaseSwift */,
			);
			productName = "iOS Test";
			productReference = FA384FA9284635380032BFF1 /* iOS Test.app */;
			productType = "com.apple.product-type.application";
		};
/* End PBXNativeTarget section */

/* Begin PBXProject section */
		FA384FA1284635380032BFF1 /* Project object */ = {
			isa = PBXProject;
			attributes = {
				BuildIndependentTargetsInParallel = 1;
				LastSwiftUpdateCheck = 1340;
				LastUpgradeCheck = 1340;
				TargetAttributes = {
					FA384FA8284635380032BFF1 = {
						CreatedOnToolsVersion = 13.4;
					};
				};
			};
			buildConfigurationList = FA384FA4284635380032BFF1 /* Build configuration list for PBXProject "iOS Test" */;
			compatibilityVersion = "Xcode 13.0";
			developmentRegion = en;
			hasScannedForEncodings = 0;
			knownRegions = (
				en,
				Base,
			);
			mainGroup = FA384FA0284635380032BFF1;
			packageReferences = (
				FAC3E09F285371390020D3EC /* XCRemoteSwiftPackageReference "firebase-ios-sdk" */,
			);
			productRefGroup = FA384FAA284635380032BFF1 /* Products */;
			projectDirPath = "";
			projectRoot = "";
			targets = (
				FA384FA8284635380032BFF1 /* iOS Test */,
			);
		};
/* End PBXProject section */

/* Begin PBXResourcesBuildPhase section */
		FA384FA7284635380032BFF1 /* Resources */ = {
			isa = PBXResourcesBuildPhase;
			buildActionMask = 2147483647;
			files = (
				FA384FB42846353B0032BFF1 /* Preview Assets.xcassets in Resources */,
				FA384FB12846353B0032BFF1 /* Assets.xcassets in Resources */,
				FA8E1CD22855BD57005606C6 /* GoogleService-Info.plist in Resources */,
			);
			runOnlyForDeploymentPostprocessing = 0;
		};
/* End PBXResourcesBuildPhase section */

/* Begin PBXSourcesBuildPhase section */
		FA384FA5284635380032BFF1 /* Sources */ = {
			isa = PBXSourcesBuildPhase;
			buildActionMask = 2147483647;
			files = (
				FAC3E0A9285375A50020D3EC /* TestView.swift in Sources */,
				FA384FC32846A3D80032BFF1 /* GlobalFrame.swift in Sources */,
				FA384FC0284636010032BFF1 /* SettingsView.swift in Sources */,
				FA384FBC284635DC0032BFF1 /* HomeView.swift in Sources */,
				FA384FAF284635380032BFF1 /* ContentView.swift in Sources */,
				FAC3E09E285370D60020D3EC /* ReadViewModel.swift in Sources */,
				FA384FBE284635F50032BFF1 /* CategoryView.swift in Sources */,
				FA384FC62846A5A40032BFF1 /* CarouselImage.swift in Sources */,
				FA384FAD284635380032BFF1 /* iOS_TestApp.swift in Sources */,
				FAC3E0A7285372F30020D3EC /* ImageObject.swift in Sources */,
				FA360637284736A600AACFDD /* GridImageView.swift in Sources */,
				FA384FC82846A6A50032BFF1 /* ImageCarousel.swift in Sources */,
			);
			runOnlyForDeploymentPostprocessing = 0;
		};
/* End PBXSourcesBuildPhase section */

/* Begin XCBuildConfiguration section */
		FA384FB52846353B0032BFF1 /* Debug */ = {
			isa = XCBuildConfiguration;
			buildSettings = {
				ALWAYS_SEARCH_USER_PATHS = NO;
				CLANG_ANALYZER_NONNULL = YES;
				CLANG_ANALYZER_NUMBER_OBJECT_CONVERSION = YES_AGGRESSIVE;
				CLANG_CXX_LANGUAGE_STANDARD = "gnu++17";
				CLANG_ENABLE_MODULES = YES;
				CLANG_ENABLE_OBJC_ARC = YES;
				CLANG_ENABLE_OBJC_WEAK = YES;
				CLANG_WARN_BLOCK_CAPTURE_AUTORELEASING = YES;
				CLANG_WARN_BOOL_CONVERSION = YES;
				CLANG_WARN_COMMA = YES;
				CLANG_WARN_CONSTANT_CONVERSION = YES;
				CLANG_WARN_DEPRECATED_OBJC_IMPLEMENTATIONS = YES;
				CLANG_WARN_DIRECT_OBJC_ISA_USAGE = YES_ERROR;
				CLANG_WARN_DOCUMENTATION_COMMENTS = YES;
				CLANG_WARN_EMPTY_BODY = YES;
				CLANG_WARN_ENUM_CONVERSION = YES;
				CLANG_WARN_INFINITE_RECURSION = YES;
				CLANG_WARN_INT_CONVERSION = YES;
				CLANG_WARN_NON_LITERAL_NULL_CONVERSION = YES;
				CLANG_WARN_OBJC_IMPLICIT_RETAIN_SELF = YES;
				CLANG_WARN_OBJC_LITERAL_CONVERSION = YES;
				CLANG_WARN_OBJC_ROOT_CLASS = YES_ERROR;
				CLANG_WARN_QUOTED_INCLUDE_IN_FRAMEWORK_HEADER = YES;
				CLANG_WARN_RANGE_LOOP_ANALYSIS = YES;
				CLANG_WARN_STRICT_PROTOTYPES = YES;
				CLANG_WARN_SUSPICIOUS_MOVE = YES;
				CLANG_WARN_UNGUARDED_AVAILABILITY = YES_AGGRESSIVE;
				CLANG_WARN_UNREACHABLE_CODE = YES;
				CLANG_WARN__DUPLICATE_METHOD_MATCH = YES;
				COPY_PHASE_STRIP = NO;
				DEBUG_INFORMATION_FORMAT = dwarf;
				ENABLE_STRICT_OBJC_MSGSEND = YES;
				ENABLE_TESTABILITY = YES;
				GCC_C_LANGUAGE_STANDARD = gnu11;
				GCC_DYNAMIC_NO_PIC = NO;
				GCC_NO_COMMON_BLOCKS = YES;
				GCC_OPTIMIZATION_LEVEL = 0;
				GCC_PREPROCESSOR_DEFINITIONS = (
					"DEBUG=1",
					"$(inherited)",
				);
				GCC_WARN_64_TO_32_BIT_CONVERSION = YES;
				GCC_WARN_ABOUT_RETURN_TYPE = YES_ERROR;
				GCC_WARN_UNDECLARED_SELECTOR = YES;
				GCC_WARN_UNINITIALIZED_AUTOS = YES_AGGRESSIVE;
				GCC_WARN_UNUSED_FUNCTION = YES;
				GCC_WARN_UNUSED_VARIABLE = YES;
				IPHONEOS_DEPLOYMENT_TARGET = 15.5;
				MTL_ENABLE_DEBUG_INFO = INCLUDE_SOURCE;
				MTL_FAST_MATH = YES;
				ONLY_ACTIVE_ARCH = YES;
				SDKROOT = iphoneos;
				SWIFT_ACTIVE_COMPILATION_CONDITIONS = DEBUG;
				SWIFT_OPTIMIZATION_LEVEL = "-Onone";
			};
			name = Debug;
		};
		FA384FB62846353B0032BFF1 /* Release */ = {
			isa = XCBuildConfiguration;
			buildSettings = {
				ALWAYS_SEARCH_USER_PATHS = NO;
				CLANG_ANALYZER_NONNULL = YES;
				CLANG_ANALYZER_NUMBER_OBJECT_CONVERSION = YES_AGGRESSIVE;
				CLANG_CXX_LANGUAGE_STANDARD = "gnu++17";
				CLANG_ENABLE_MODULES = YES;
				CLANG_ENABLE_OBJC_ARC = YES;
				CLANG_ENABLE_OBJC_WEAK = YES;
				CLANG_WARN_BLOCK_CAPTURE_AUTORELEASING = YES;
				CLANG_WARN_BOOL_CONVERSION = YES;
				CLANG_WARN_COMMA = YES;
				CLANG_WARN_CONSTANT_CONVERSION = YES;
				CLANG_WARN_DEPRECATED_OBJC_IMPLEMENTATIONS = YES;
				CLANG_WARN_DIRECT_OBJC_ISA_USAGE = YES_ERROR;
				CLANG_WARN_DOCUMENTATION_COMMENTS = YES;
				CLANG_WARN_EMPTY_BODY = YES;
				CLANG_WARN_ENUM_CONVERSION = YES;
				CLANG_WARN_INFINITE_RECURSION = YES;
				CLANG_WARN_INT_CONVERSION = YES;
				CLANG_WARN_NON_LITERAL_NULL_CONVERSION = YES;
				CLANG_WARN_OBJC_IMPLICIT_RETAIN_SELF = YES;
				CLANG_WARN_OBJC_LITERAL_CONVERSION = YES;
				CLANG_WARN_OBJC_ROOT_CLASS = YES_ERROR;
				CLANG_WARN_QUOTED_INCLUDE_IN_FRAMEWORK_HEADER = YES;
				CLANG_WARN_RANGE_LOOP_ANALYSIS = YES;
				CLANG_WARN_STRICT_PROTOTYPES = YES;
				CLANG_WARN_SUSPICIOUS_MOVE = YES;
				CLANG_WARN_UNGUARDED_AVAILABILITY = YES_AGGRESSIVE;
				CLANG_WARN_UNREACHABLE_CODE = YES;
				CLANG_WARN__DUPLICATE_METHOD_MATCH = YES;
				COPY_PHASE_STRIP = NO;
				DEBUG_INFORMATION_FORMAT = "dwarf-with-dsym";
				ENABLE_NS_ASSERTIONS = NO;
				ENABLE_STRICT_OBJC_MSGSEND = YES;
				GCC_C_LANGUAGE_STANDARD = gnu11;
				GCC_NO_COMMON_BLOCKS = YES;
				GCC_WARN_64_TO_32_BIT_CONVERSION = YES;
				GCC_WARN_ABOUT_RETURN_TYPE = YES_ERROR;
				GCC_WARN_UNDECLARED_SELECTOR = YES;
				GCC_WARN_UNINITIALIZED_AUTOS = YES_AGGRESSIVE;
				GCC_WARN_UNUSED_FUNCTION = YES;
				GCC_WARN_UNUSED_VARIABLE = YES;
				IPHONEOS_DEPLOYMENT_TARGET = 15.5;
				MTL_ENABLE_DEBUG_INFO = NO;
				MTL_FAST_MATH = YES;
				SDKROOT = iphoneos;
				SWIFT_COMPILATION_MODE = wholemodule;
				SWIFT_OPTIMIZATION_LEVEL = "-O";
				VALIDATE_PRODUCT = YES;
			};
			name = Release;
		};
		FA384FB82846353B0032BFF1 /* Debug */ = {
			isa = XCBuildConfiguration;
			buildSettings = {
				ASSETCATALOG_COMPILER_APPICON_NAME = AppIcon;
				ASSETCATALOG_COMPILER_GLOBAL_ACCENT_COLOR_NAME = AccentColor;
				CODE_SIGN_STYLE = Automatic;
				CURRENT_PROJECT_VERSION = 1;
				DEVELOPMENT_ASSET_PATHS = "\"iOS Test/Preview Content\"";
				DEVELOPMENT_TEAM = 9D3YMVMCY5;
				ENABLE_PREVIEWS = YES;
				GENERATE_INFOPLIST_FILE = YES;
				INFOPLIST_KEY_UIApplicationSceneManifest_Generation = YES;
				INFOPLIST_KEY_UIApplicationSupportsIndirectInputEvents = YES;
				INFOPLIST_KEY_UILaunchScreen_Generation = YES;
				INFOPLIST_KEY_UISupportedInterfaceOrientations_iPad = "UIInterfaceOrientationPortrait UIInterfaceOrientationPortraitUpsideDown UIInterfaceOrientationLandscapeLeft UIInterfaceOrientationLandscapeRight";
				INFOPLIST_KEY_UISupportedInterfaceOrientations_iPhone = "UIInterfaceOrientationPortrait UIInterfaceOrientationLandscapeLeft UIInterfaceOrientationLandscapeRight";
				LD_RUNPATH_SEARCH_PATHS = (
					"$(inherited)",
					"@executable_path/Frameworks",
				);
				MARKETING_VERSION = 1.0;
				PRODUCT_BUNDLE_IDENTIFIER = "com.sazza.iOS-Test";
				PRODUCT_NAME = "$(TARGET_NAME)";
				SWIFT_EMIT_LOC_STRINGS = YES;
				SWIFT_VERSION = 5.0;
				TARGETED_DEVICE_FAMILY = "1,2";
			};
			name = Debug;
		};
		FA384FB92846353B0032BFF1 /* Release */ = {
			isa = XCBuildConfiguration;
			buildSettings = {
				ASSETCATALOG_COMPILER_APPICON_NAME = AppIcon;
				ASSETCATALOG_COMPILER_GLOBAL_ACCENT_COLOR_NAME = AccentColor;
				CODE_SIGN_STYLE = Automatic;
				CURRENT_PROJECT_VERSION = 1;
				DEVELOPMENT_ASSET_PATHS = "\"iOS Test/Preview Content\"";
				DEVELOPMENT_TEAM = 9D3YMVMCY5;
				ENABLE_PREVIEWS = YES;
				GENERATE_INFOPLIST_FILE = YES;
				INFOPLIST_KEY_UIApplicationSceneManifest_Generation = YES;
				INFOPLIST_KEY_UIApplicationSupportsIndirectInputEvents = YES;
				INFOPLIST_KEY_UILaunchScreen_Generation = YES;
				INFOPLIST_KEY_UISupportedInterfaceOrientations_iPad = "UIInterfaceOrientationPortrait UIInterfaceOrientationPortraitUpsideDown UIInterfaceOrientationLandscapeLeft UIInterfaceOrientationLandscapeRight";
				INFOPLIST_KEY_UISupportedInterfaceOrientations_iPhone = "UIInterfaceOrientationPortrait UIInterfaceOrientationLandscapeLeft UIInterfaceOrientationLandscapeRight";
				LD_RUNPATH_SEARCH_PATHS = (
					"$(inherited)",
					"@executable_path/Frameworks",
				);
				MARKETING_VERSION = 1.0;
				PRODUCT_BUNDLE_IDENTIFIER = "com.sazza.iOS-Test";
				PRODUCT_NAME = "$(TARGET_NAME)";
				SWIFT_EMIT_LOC_STRINGS = YES;
				SWIFT_VERSION = 5.0;
				TARGETED_DEVICE_FAMILY = "1,2";
			};
			name = Release;
		};
/* End XCBuildConfiguration section */

/* Begin XCConfigurationList section */
		FA384FA4284635380032BFF1 /* Build configuration list for PBXProject "iOS Test" */ = {
			isa = XCConfigurationList;
			buildConfigurations = (
				FA384FB52846353B0032BFF1 /* Debug */,
				FA384FB62846353B0032BFF1 /* Release */,
			);
			defaultConfigurationIsVisible = 0;
			defaultConfigurationName = Release;
		};
		FA384FB72846353B0032BFF1 /* Build configuration list for PBXNativeTarget "iOS Test" */ = {
			isa = XCConfigurationList;
			buildConfigurations = (
				FA384FB82846353B0032BFF1 /* Debug */,
				FA384FB92846353B0032BFF1 /* Release */,
			);
			defaultConfigurationIsVisible = 0;
			defaultConfigurationName = Release;
		};
/* End XCConfigurationList section */

/* Begin XCRemoteSwiftPackageReference section */
		FAC3E09F285371390020D3EC /* XCRemoteSwiftPackageReference "firebase-ios-sdk" */ = {
			isa = XCRemoteSwiftPackageReference;
			repositoryURL = "https://github.com/firebase/firebase-ios-sdk";
			requirement = {
				branch = master;
				kind = branch;
			};
		};
/* End XCRemoteSwiftPackageReference section */

/* Begin XCSwiftPackageProductDependency section */
		FAC3E0A0285371390020D3EC /* FirebaseAnalytics */ = {
			isa = XCSwiftPackageProductDependency;
			package = FAC3E09F285371390020D3EC /* XCRemoteSwiftPackageReference "firebase-ios-sdk" */;
			productName = FirebaseAnalytics;
		};
		FAC3E0A2285371390020D3EC /* FirebaseDatabase */ = {
			isa = XCSwiftPackageProductDependency;
			package = FAC3E09F285371390020D3EC /* XCRemoteSwiftPackageReference "firebase-ios-sdk" */;
			productName = FirebaseDatabase;
		};
		FAC3E0A4285371390020D3EC /* FirebaseDatabaseSwift */ = {
			isa = XCSwiftPackageProductDependency;
			package = FAC3E09F285371390020D3EC /* XCRemoteSwiftPackageReference "firebase-ios-sdk" */;
			productName = FirebaseDatabaseSwift;
		};
/* End XCSwiftPackageProductDependency section */
	};
	rootObject = FA384FA1284635380032BFF1 /* Project object */;
}
